
Microsoft Visual Studio Solution File, Format Version 12.00
# Visual Studio Version 17
VisualStudioVersion = 17.13.35931.197 d17.13
MinimumVisualStudioVersion = 10.0.40219.1
Project("{FAE04EC0-301F-11D3-BF4B-00C04F79EFBC}") = "IdorAnalizerCSharp", "IdorAnalizerCSharp\IdorAnalizerCSharp.csproj", "{4701172B-7D68-4255-9BB7-44ADA9B56907}"
EndProject
Global
	GlobalSection(SolutionConfigurationPlatforms) = preSolution
		Debug|Any CPU = Debug|Any CPU
		Release|Any CPU = Release|Any CPU
	EndGlobalSection
	GlobalSection(ProjectConfigurationPlatforms) = postSolution
		{4701172B-7D68-4255-9BB7-44ADA9B56907}.Debug|Any CPU.ActiveCfg = Debug|Any CPU
		{4701172B-7D68-4255-9BB7-44ADA9B56907}.Debug|Any CPU.Build.0 = Debug|Any CPU
		{4701172B-7D68-4255-9BB7-44ADA9B56907}.Release|Any CPU.ActiveCfg = Release|Any CPU
		{4701172B-7D68-4255-9BB7-44ADA9B56907}.Release|Any CPU.Build.0 = Release|Any CPU
	EndGlobalSection
	GlobalSection(SolutionProperties) = preSolution
		HideSolutionNode = FALSE
	EndGlobalSection
	GlobalSection(ExtensibilityGlobals) = postSolution
		SolutionGuid = {FFA1E1E0-3596-4827-B38D-4198FF1F8245}
	EndGlobalSection
EndGlobal
